
Microsoft Visual Studio Solution File, Format Version 12.00
# Visual Studio 15
VisualStudioVersion = 15.0.26124.0
MinimumVisualStudioVersion = 15.0.26124.0
Project("{9A19103F-16F7-4668-BE54-9A1E7A4F7556}") = "CrudFunc", "CrudFunc\CrudFunc.csproj", "{C1A22802-AF48-4B00-8B39-514C20EE7772}"
EndProject
Project("{9A19103F-16F7-4668-BE54-9A1E7A4F7556}") = "CrudFunc.Data", "CrudFunc.Data\CrudFunc.Data.csproj", "{AF4533F6-9C1B-4AE2-9D68-FED9FA3FF36A}"
EndProject
Project("{FAE04EC0-301F-11D3-BF4B-00C04F79EFBC}") = "CrudFunc.Data.Migrations", "CrudFunc.Data.Migrations\CrudFunc.Data.Migrations.csproj", "{810369CC-BE7F-47FE-9EEB-D9C9A407062D}"
EndProject
Global
	GlobalSection(SolutionConfigurationPlatforms) = preSolution
		Debug|Any CPU = Debug|Any CPU
		Debug|x64 = Debug|x64
		Debug|x86 = Debug|x86
		Release|Any CPU = Release|Any CPU
		Release|x64 = Release|x64
		Release|x86 = Release|x86
	EndGlobalSection
	GlobalSection(ProjectConfigurationPlatforms) = postSolution
		{C1A22802-AF48-4B00-8B39-514C20EE7772}.Debug|Any CPU.ActiveCfg = Debug|Any CPU
		{C1A22802-AF48-4B00-8B39-514C20EE7772}.Debug|Any CPU.Build.0 = Debug|Any CPU
		{C1A22802-AF48-4B00-8B39-514C20EE7772}.Debug|x64.ActiveCfg = Debug|Any CPU
		{C1A22802-AF48-4B00-8B39-514C20EE7772}.Debug|x64.Build.0 = Debug|Any CPU
		{C1A22802-AF48-4B00-8B39-514C20EE7772}.Debug|x86.ActiveCfg = Debug|Any CPU
		{C1A22802-AF48-4B00-8B39-514C20EE7772}.Debug|x86.Build.0 = Debug|Any CPU
		{C1A22802-AF48-4B00-8B39-514C20EE7772}.Release|Any CPU.ActiveCfg = Release|Any CPU
		{C1A22802-AF48-4B00-8B39-514C20EE7772}.Release|Any CPU.Build.0 = Release|Any CPU
		{C1A22802-AF48-4B00-8B39-514C20EE7772}.Release|x64.ActiveCfg = Release|Any CPU
		{C1A22802-AF48-4B00-8B39-514C20EE7772}.Release|x64.Build.0 = Release|Any CPU
		{C1A22802-AF48-4B00-8B39-514C20EE7772}.Release|x86.ActiveCfg = Release|Any CPU
		{C1A22802-AF48-4B00-8B39-514C20EE7772}.Release|x86.Build.0 = Release|Any CPU
		{AF4533F6-9C1B-4AE2-9D68-FED9FA3FF36A}.Debug|Any CPU.ActiveCfg = Debug|Any CPU
		{AF4533F6-9C1B-4AE2-9D68-FED9FA3FF36A}.Debug|Any CPU.Build.0 = Debug|Any CPU
		{AF4533F6-9C1B-4AE2-9D68-FED9FA3FF36A}.Debug|x64.ActiveCfg = Debug|Any CPU
		{AF4533F6-9C1B-4AE2-9D68-FED9FA3FF36A}.Debug|x64.Build.0 = Debug|Any CPU
		{AF4533F6-9C1B-4AE2-9D68-FED9FA3FF36A}.Debug|x86.ActiveCfg = Debug|Any CPU
		{AF4533F6-9C1B-4AE2-9D68-FED9FA3FF36A}.Debug|x86.Build.0 = Debug|Any CPU
		{AF4533F6-9C1B-4AE2-9D68-FED9FA3FF36A}.Release|Any CPU.ActiveCfg = Release|Any CPU
		{AF4533F6-9C1B-4AE2-9D68-FED9FA3FF36A}.Release|Any CPU.Build.0 = Release|Any CPU
		{AF4533F6-9C1B-4AE2-9D68-FED9FA3FF36A}.Release|x64.ActiveCfg = Release|Any CPU
		{AF4533F6-9C1B-4AE2-9D68-FED9FA3FF36A}.Release|x64.Build.0 = Release|Any CPU
		{AF4533F6-9C1B-4AE2-9D68-FED9FA3FF36A}.Release|x86.ActiveCfg = Release|Any CPU
		{AF4533F6-9C1B-4AE2-9D68-FED9FA3FF36A}.Release|x86.Build.0 = Release|Any CPU
		{810369CC-BE7F-47FE-9EEB-D9C9A407062D}.Debug|Any CPU.ActiveCfg = Debug|Any CPU
		{810369CC-BE7F-47FE-9EEB-D9C9A407062D}.Debug|Any CPU.Build.0 = Debug|Any CPU
		{810369CC-BE7F-47FE-9EEB-D9C9A407062D}.Debug|x64.ActiveCfg = Debug|Any CPU
		{810369CC-BE7F-47FE-9EEB-D9C9A407062D}.Debug|x64.Build.0 = Debug|Any CPU
		{810369CC-BE7F-47FE-9EEB-D9C9A407062D}.Debug|x86.ActiveCfg = Debug|Any CPU
		{810369CC-BE7F-47FE-9EEB-D9C9A407062D}.Debug|x86.Build.0 = Debug|Any CPU
		{810369CC-BE7F-47FE-9EEB-D9C9A407062D}.Release|Any CPU.ActiveCfg = Release|Any CPU
		{810369CC-BE7F-47FE-9EEB-D9C9A407062D}.Release|Any CPU.Build.0 = Release|Any CPU
		{810369CC-BE7F-47FE-9EEB-D9C9A407062D}.Release|x64.ActiveCfg = Release|Any CPU
		{810369CC-BE7F-47FE-9EEB-D9C9A407062D}.Release|x64.Build.0 = Release|Any CPU
		{810369CC-BE7F-47FE-9EEB-D9C9A407062D}.Release|x86.ActiveCfg = Release|Any CPU
		{810369CC-BE7F-47FE-9EEB-D9C9A407062D}.Release|x86.Build.0 = Release|Any CPU
	EndGlobalSection
	GlobalSection(SolutionProperties) = preSolution
		HideSolutionNode = FALSE
	EndGlobalSection
	GlobalSection(ExtensibilityGlobals) = postSolution
		SolutionGuid = {AC0AAF6C-9272-4855-8874-5792B2EDC417}
	EndGlobalSection
EndGlobal
